
Microsoft Visual Studio Solution File, Format Version 12.00
# Visual Studio Version 16
VisualStudioVersion = 16.0.31624.102
MinimumVisualStudioVersion = 10.0.40219.1
Project("{FAE04EC0-301F-11D3-BF4B-00C04F79EFBC}") = "Sql", "Sql.csproj", "{E814CEEA-F996-4D9F-B4F3-1F1D9F17ED2E}"
EndProject
Global
	GlobalSection(SolutionConfigurationPlatforms) = preSolution
		Debug|Any CPU = Debug|Any CPU
		Release|Any CPU = Release|Any CPU
	EndGlobalSection
	GlobalSection(ProjectConfigurationPlatforms) = postSolution
		{E814CEEA-F996-4D9F-B4F3-1F1D9F17ED2E}.Debug|Any CPU.ActiveCfg = Debug|Any CPU
		{E814CEEA-F996-4D9F-B4F3-1F1D9F17ED2E}.Debug|Any CPU.Build.0 = Debug|Any CPU
		{E814CEEA-F996-4D9F-B4F3-1F1D9F17ED2E}.Release|Any CPU.ActiveCfg = Release|Any CPU
		{E814CEEA-F996-4D9F-B4F3-1F1D9F17ED2E}.Release|Any CPU.Build.0 = Release|Any CPU
	EndGlobalSection
	GlobalSection(SolutionProperties) = preSolution
		HideSolutionNode = FALSE
	EndGlobalSection
	GlobalSection(ExtensibilityGlobals) = postSolution
		SolutionGuid = {B5FD54A8-887B-45DA-8F76-8C2759A83E20}
	EndGlobalSection
EndGlobal
